
Microsoft Visual Studio Solution File, Format Version 12.00
# Visual Studio 15
VisualStudioVersion = 15.0.28010.2003
MinimumVisualStudioVersion = 10.0.40219.1
Project("{FAE04EC0-301F-11D3-BF4B-00C04F79EFBC}") = "Multimedia.Android", "Multimedia\Multimedia.Android\Multimedia.Android.csproj", "{489EF7E9-6382-45BD-A3E7-EA6FBEF45048}"
EndProject
Project("{FAE04EC0-301F-11D3-BF4B-00C04F79EFBC}") = "Multimedia.iOS", "Multimedia\Multimedia.iOS\Multimedia.iOS.csproj", "{ACC0B39A-8270-4D59-9CEE-3493572F2C6A}"
EndProject
Project("{FAE04EC0-301F-11D3-BF4B-00C04F79EFBC}") = "Multimedia.UWP", "Multimedia\Multimedia.UWP\Multimedia.UWP.csproj", "{3A585C24-DC34-478A-BAE4-D22275D96BBE}"
EndProject
Project("{D954291E-2A0B-460D-934E-DC6B0785DB48}") = "Multimedia", "Multimedia\Multimedia\Multimedia.shproj", "{925A1556-4233-4049-AE34-F7004CF4A32C}"
EndProject
Global
	GlobalSection(SharedMSBuildProjectFiles) = preSolution
		Multimedia\Multimedia\Multimedia.projitems*{3a585c24-dc34-478a-bae4-d22275d96bbe}*SharedItemsImports = 4
		Multimedia\Multimedia\Multimedia.projitems*{489ef7e9-6382-45bd-a3e7-ea6fbef45048}*SharedItemsImports = 4
		Multimedia\Multimedia\Multimedia.projitems*{925a1556-4233-4049-ae34-f7004cf4a32c}*SharedItemsImports = 13
		Multimedia\Multimedia\Multimedia.projitems*{acc0b39a-8270-4d59-9cee-3493572f2c6a}*SharedItemsImports = 4
	EndGlobalSection
	GlobalSection(SolutionConfigurationPlatforms) = preSolution
		Ad-Hoc|Any CPU = Ad-Hoc|Any CPU
		Ad-Hoc|ARM = Ad-Hoc|ARM
		Ad-Hoc|iPhone = Ad-Hoc|iPhone
		Ad-Hoc|iPhoneSimulator = Ad-Hoc|iPhoneSimulator
		Ad-Hoc|x64 = Ad-Hoc|x64
		Ad-Hoc|x86 = Ad-Hoc|x86
		AppStore|Any CPU = AppStore|Any CPU
		AppStore|ARM = AppStore|ARM
		AppStore|iPhone = AppStore|iPhone
		AppStore|iPhoneSimulator = AppStore|iPhoneSimulator
		AppStore|x64 = AppStore|x64
		AppStore|x86 = AppStore|x86
		Debug|Any CPU = Debug|Any CPU
		Debug|ARM = Debug|ARM
		Debug|iPhone = Debug|iPhone
		Debug|iPhoneSimulator = Debug|iPhoneSimulator
		Debug|x64 = Debug|x64
		Debug|x86 = Debug|x86
		Release|Any CPU = Release|Any CPU
		Release|ARM = Release|ARM
		Release|iPhone = Release|iPhone
		Release|iPhoneSimulator = Release|iPhoneSimulator
		Release|x64 = Release|x64
		Release|x86 = Release|x86
	EndGlobalSection
	GlobalSection(ProjectConfigurationPlatforms) = postSolution
		{489EF7E9-6382-45BD-A3E7-EA6FBEF45048}.Ad-Hoc|Any CPU.ActiveCfg = Release|Any CPU
		{489EF7E9-6382-45BD-A3E7-EA6FBEF45048}.Ad-Hoc|Any CPU.Build.0 = Release|Any CPU
		{489EF7E9-6382-45BD-A3E7-EA6FBEF45048}.Ad-Hoc|Any CPU.Deploy.0 = Release|Any CPU
		{489EF7E9-6382-45BD-A3E7-EA6FBEF45048}.Ad-Hoc|ARM.ActiveCfg = Release|Any CPU
		{489EF7E9-6382-45BD-A3E7-EA6FBEF45048}.Ad-Hoc|ARM.Build.0 = Release|Any CPU
		{489EF7E9-6382-45BD-A3E7-EA6FBEF45048}.Ad-Hoc|ARM.Deploy.0 = Release|Any CPU
		{489EF7E9-6382-45BD-A3E7-EA6FBEF45048}.Ad-Hoc|iPhone.ActiveCfg = Release|Any CPU
		{489EF7E9-6382-45BD-A3E7-EA6FBEF45048}.Ad-Hoc|iPhone.Build.0 = Release|Any CPU
		{489EF7E9-6382-45BD-A3E7-EA6FBEF45048}.Ad-Hoc|iPhone.Deploy.0 = Release|Any CPU
		{489EF7E9-6382-45BD-A3E7-EA6FBEF45048}.Ad-Hoc|iPhoneSimulator.ActiveCfg = Release|Any CPU
		{489EF7E9-6382-45BD-A3E7-EA6FBEF45048}.Ad-Hoc|iPhoneSimulator.Build.0 = Release|Any CPU
		{489EF7E9-6382-45BD-A3E7-EA6FBEF45048}.Ad-Hoc|iPhoneSimulator.Deploy.0 = Release|Any CPU
		{489EF7E9-6382-45BD-A3E7-EA6FBEF45048}.Ad-Hoc|x64.ActiveCfg = Release|Any CPU
		{489EF7E9-6382-45BD-A3E7-EA6FBEF45048}.Ad-Hoc|x64.Build.0 = Release|Any CPU
		{489EF7E9-6382-45BD-A3E7-EA6FBEF45048}.Ad-Hoc|x64.Deploy.0 = Release|Any CPU
		{489EF7E9-6382-45BD-A3E7-EA6FBEF45048}.Ad-Hoc|x86.ActiveCfg = Release|Any CPU
		{489EF7E9-6382-45BD-A3E7-EA6FBEF45048}.Ad-Hoc|x86.Build.0 = Release|Any CPU
		{489EF7E9-6382-45BD-A3E7-EA6FBEF45048}.Ad-Hoc|x86.Deploy.0 = Release|Any CPU
		{489EF7E9-6382-45BD-A3E7-EA6FBEF45048}.AppStore|Any CPU.ActiveCfg = Release|Any CPU
		{489EF7E9-6382-45BD-A3E7-EA6FBEF45048}.AppStore|Any CPU.Build.0 = Release|Any CPU
		{489EF7E9-6382-45BD-A3E7-EA6FBEF45048}.AppStore|Any CPU.Deploy.0 = Release|Any CPU
		{489EF7E9-6382-45BD-A3E7-EA6FBEF45048}.AppStore|ARM.ActiveCfg = Release|Any CPU
		{489EF7E9-6382-45BD-A3E7-EA6FBEF45048}.AppStore|ARM.Build.0 = Release|Any CPU
		{489EF7E9-6382-45BD-A3E7-EA6FBEF45048}.AppStore|ARM.Deploy.0 = Release|Any CPU
		{489EF7E9-6382-45BD-A3E7-EA6FBEF45048}.AppStore|iPhone.ActiveCfg = Release|Any CPU
		{489EF7E9-6382-45BD-A3E7-EA6FBEF45048}.AppStore|iPhone.Build.0 = Release|Any CPU
		{489EF7E9-6382-45BD-A3E7-EA6FBEF45048}.AppStore|iPhone.Deploy.0 = Release|Any CPU
		{489EF7E9-6382-45BD-A3E7-EA6FBEF45048}.AppStore|iPhoneSimulator.ActiveCfg = Release|Any CPU
		{489EF7E9-6382-45BD-A3E7-EA6FBEF45048}.AppStore|iPhoneSimulator.Build.0 = Release|Any CPU
		{489EF7E9-6382-45BD-A3E7-EA6FBEF45048}.AppStore|iPhoneSimulator.Deploy.0 = Release|Any CPU
		{489EF7E9-6382-45BD-A3E7-EA6FBEF45048}.AppStore|x64.ActiveCfg = Release|Any CPU
		{489EF7E9-6382-45BD-A3E7-EA6FBEF45048}.AppStore|x64.Build.0 = Release|Any CPU
		{489EF7E9-6382-45BD-A3E7-EA6FBEF45048}.AppStore|x64.Deploy.0 = Release|Any CPU
		{489EF7E9-6382-45BD-A3E7-EA6FBEF45048}.AppStore|x86.ActiveCfg = Release|Any CPU
		{489EF7E9-6382-45BD-A3E7-EA6FBEF45048}.AppStore|x86.Build.0 = Release|Any CPU
		{489EF7E9-6382-45BD-A3E7-EA6FBEF45048}.AppStore|x86.Deploy.0 = Release|Any CPU
		{489EF7E9-6382-45BD-A3E7-EA6FBEF45048}.Debug|Any CPU.ActiveCfg = Debug|Any CPU
		{489EF7E9-6382-45BD-A3E7-EA6FBEF45048}.Debug|Any CPU.Build.0 = Debug|Any CPU
		{489EF7E9-6382-45BD-A3E7-EA6FBEF45048}.Debug|Any CPU.Deploy.0 = Debug|Any CPU
		{489EF7E9-6382-45BD-A3E7-EA6FBEF45048}.Debug|ARM.ActiveCfg = Debug|Any CPU
		{489EF7E9-6382-45BD-A3E7-EA6FBEF45048}.Debug|ARM.Build.0 = Debug|Any CPU
		{489EF7E9-6382-45BD-A3E7-EA6FBEF45048}.Debug|ARM.Deploy.0 = Debug|Any CPU
		{489EF7E9-6382-45BD-A3E7-EA6FBEF45048}.Debug|iPhone.ActiveCfg = Debug|Any CPU
		{489EF7E9-6382-45BD-A3E7-EA6FBEF45048}.Debug|iPhone.Build.0 = Debug|Any CPU
		{489EF7E9-6382-45BD-A3E7-EA6FBEF45048}.Debug|iPhone.Deploy.0 = Debug|Any CPU
		{489EF7E9-6382-45BD-A3E7-EA6FBEF45048}.Debug|iPhoneSimulator.ActiveCfg = Debug|Any CPU
		{489EF7E9-6382-45BD-A3E7-EA6FBEF45048}.Debug|iPhoneSimulator.Build.0 = Debug|Any CPU
		{489EF7E9-6382-45BD-A3E7-EA6FBEF45048}.Debug|iPhoneSimulator.Deploy.0 = Debug|Any CPU
		{489EF7E9-6382-45BD-A3E7-EA6FBEF45048}.Debug|x64.ActiveCfg = Debug|Any CPU
		{489EF7E9-6382-45BD-A3E7-EA6FBEF45048}.Debug|x64.Build.0 = Debug|Any CPU
		{489EF7E9-6382-45BD-A3E7-EA6FBEF45048}.Debug|x64.Deploy.0 = Debug|Any CPU
		{489EF7E9-6382-45BD-A3E7-EA6FBEF45048}.Debug|x86.ActiveCfg = Debug|Any CPU
		{489EF7E9-6382-45BD-A3E7-EA6FBEF45048}.Debug|x86.Build.0 = Debug|Any CPU
		{489EF7E9-6382-45BD-A3E7-EA6FBEF45048}.Debug|x86.Deploy.0 = Debug|Any CPU
		{489EF7E9-6382-45BD-A3E7-EA6FBEF45048}.Release|Any CPU.ActiveCfg = Release|Any CPU
		{489EF7E9-6382-45BD-A3E7-EA6FBEF45048}.Release|Any CPU.Build.0 = Release|Any CPU
		{489EF7E9-6382-45BD-A3E7-EA6FBEF45048}.Release|Any CPU.Deploy.0 = Release|Any CPU
		{489EF7E9-6382-45BD-A3E7-EA6FBEF45048}.Release|ARM.ActiveCfg = Release|Any CPU
		{489EF7E9-6382-45BD-A3E7-EA6FBEF45048}.Release|ARM.Build.0 = Release|Any CPU
		{489EF7E9-6382-45BD-A3E7-EA6FBEF45048}.Release|ARM.Deploy.0 = Release|Any CPU
		{489EF7E9-6382-45BD-A3E7-EA6FBEF45048}.Release|iPhone.ActiveCfg = Release|Any CPU
		{489EF7E9-6382-45BD-A3E7-EA6FBEF45048}.Release|iPhone.Build.0 = Release|Any CPU
		{489EF7E9-6382-45BD-A3E7-EA6FBEF45048}.Release|iPhone.Deploy.0 = Release|Any CPU
		{489EF7E9-6382-45BD-A3E7-EA6FBEF45048}.Release|iPhoneSimulator.ActiveCfg = Release|Any CPU
		{489EF7E9-6382-45BD-A3E7-EA6FBEF45048}.Release|iPhoneSimulator.Build.0 = Release|Any CPU
		{489EF7E9-6382-45BD-A3E7-EA6FBEF45048}.Release|iPhoneSimulator.Deploy.0 = Release|Any CPU
		{489EF7E9-6382-45BD-A3E7-EA6FBEF45048}.Release|x64.ActiveCfg = Release|Any CPU
		{489EF7E9-6382-45BD-A3E7-EA6FBEF45048}.Release|x64.Build.0 = Release|Any CPU
		{489EF7E9-6382-45BD-A3E7-EA6FBEF45048}.Release|x64.Deploy.0 = Release|Any CPU
		{489EF7E9-6382-45BD-A3E7-EA6FBEF45048}.Release|x86.ActiveCfg = Release|Any CPU
		{489EF7E9-6382-45BD-A3E7-EA6FBEF45048}.Release|x86.Build.0 = Release|Any CPU
		{489EF7E9-6382-45BD-A3E7-EA6FBEF45048}.Release|x86.Deploy.0 = Release|Any CPU
		{ACC0B39A-8270-4D59-9CEE-3493572F2C6A}.Ad-Hoc|Any CPU.ActiveCfg = Ad-Hoc|iPhone
		{ACC0B39A-8270-4D59-9CEE-3493572F2C6A}.Ad-Hoc|Any CPU.Build.0 = Ad-Hoc|iPhone
		{ACC0B39A-8270-4D59-9CEE-3493572F2C6A}.Ad-Hoc|Any CPU.Deploy.0 = Ad-Hoc|iPhone
		{ACC0B39A-8270-4D59-9CEE-3493572F2C6A}.Ad-Hoc|ARM.ActiveCfg = Ad-Hoc|iPhone
		{ACC0B39A-8270-4D59-9CEE-3493572F2C6A}.Ad-Hoc|ARM.Build.0 = Ad-Hoc|iPhone
		{ACC0B39A-8270-4D59-9CEE-3493572F2C6A}.Ad-Hoc|ARM.Deploy.0 = Ad-Hoc|iPhone
		{ACC0B39A-8270-4D59-9CEE-3493572F2C6A}.Ad-Hoc|iPhone.ActiveCfg = Ad-Hoc|iPhone
		{ACC0B39A-8270-4D59-9CEE-3493572F2C6A}.Ad-Hoc|iPhone.Build.0 = Ad-Hoc|iPhone
		{ACC0B39A-8270-4D59-9CEE-3493572F2C6A}.Ad-Hoc|iPhone.Deploy.0 = Ad-Hoc|iPhone
		{ACC0B39A-8270-4D59-9CEE-3493572F2C6A}.Ad-Hoc|iPhoneSimulator.ActiveCfg = Ad-Hoc|iPhoneSimulator
		{ACC0B39A-8270-4D59-9CEE-3493572F2C6A}.Ad-Hoc|iPhoneSimulator.Build.0 = Ad-Hoc|iPhoneSimulator
		{ACC0B39A-8270-4D59-9CEE-3493572F2C6A}.Ad-Hoc|iPhoneSimulator.Deploy.0 = Ad-Hoc|iPhoneSimulator
		{ACC0B39A-8270-4D59-9CEE-3493572F2C6A}.Ad-Hoc|x64.ActiveCfg = Ad-Hoc|iPhone
		{ACC0B39A-8270-4D59-9CEE-3493572F2C6A}.Ad-Hoc|x64.Build.0 = Ad-Hoc|iPhone
		{ACC0B39A-8270-4D59-9CEE-3493572F2C6A}.Ad-Hoc|x64.Deploy.0 = Ad-Hoc|iPhone
		{ACC0B39A-8270-4D59-9CEE-3493572F2C6A}.Ad-Hoc|x86.ActiveCfg = Ad-Hoc|iPhone
		{ACC0B39A-8270-4D59-9CEE-3493572F2C6A}.Ad-Hoc|x86.Build.0 = Ad-Hoc|iPhone
		{ACC0B39A-8270-4D59-9CEE-3493572F2C6A}.Ad-Hoc|x86.Deploy.0 = Ad-Hoc|iPhone
		{ACC0B39A-8270-4D59-9CEE-3493572F2C6A}.AppStore|Any CPU.ActiveCfg = AppStore|iPhone
		{ACC0B39A-8270-4D59-9CEE-3493572F2C6A}.AppStore|Any CPU.Build.0 = AppStore|iPhone
		{ACC0B39A-8270-4D59-9CEE-3493572F2C6A}.AppStore|Any CPU.Deploy.0 = AppStore|iPhone
		{ACC0B39A-8270-4D59-9CEE-3493572F2C6A}.AppStore|ARM.ActiveCfg = AppStore|iPhone
		{ACC0B39A-8270-4D59-9CEE-3493572F2C6A}.AppStore|ARM.Build.0 = AppStore|iPhone
		{ACC0B39A-8270-4D59-9CEE-3493572F2C6A}.AppStore|ARM.Deploy.0 = AppStore|iPhone
		{ACC0B39A-8270-4D59-9CEE-3493572F2C6A}.AppStore|iPhone.ActiveCfg = AppStore|iPhone
		{ACC0B39A-8270-4D59-9CEE-3493572F2C6A}.AppStore|iPhone.Build.0 = AppStore|iPhone
		{ACC0B39A-8270-4D59-9CEE-3493572F2C6A}.AppStore|iPhone.Deploy.0 = AppStore|iPhone
		{ACC0B39A-8270-4D59-9CEE-3493572F2C6A}.AppStore|iPhoneSimulator.ActiveCfg = AppStore|iPhoneSimulator
		{ACC0B39A-8270-4D59-9CEE-3493572F2C6A}.AppStore|iPhoneSimulator.Build.0 = AppStore|iPhoneSimulator
		{ACC0B39A-8270-4D59-9CEE-3493572F2C6A}.AppStore|iPhoneSimulator.Deploy.0 = AppStore|iPhoneSimulator
		{ACC0B39A-8270-4D59-9CEE-3493572F2C6A}.AppStore|x64.ActiveCfg = AppStore|iPhone
		{ACC0B39A-8270-4D59-9CEE-3493572F2C6A}.AppStore|x64.Build.0 = AppStore|iPhone
		{ACC0B39A-8270-4D59-9CEE-3493572F2C6A}.AppStore|x64.Deploy.0 = AppStore|iPhone
		{ACC0B39A-8270-4D59-9CEE-3493572F2C6A}.AppStore|x86.ActiveCfg = AppStore|iPhone
		{ACC0B39A-8270-4D59-9CEE-3493572F2C6A}.AppStore|x86.Build.0 = AppStore|iPhone
		{ACC0B39A-8270-4D59-9CEE-3493572F2C6A}.AppStore|x86.Deploy.0 = AppStore|iPhone
		{ACC0B39A-8270-4D59-9CEE-3493572F2C6A}.Debug|Any CPU.ActiveCfg = Debug|iPhoneSimulator
		{ACC0B39A-8270-4D59-9CEE-3493572F2C6A}.Debug|Any CPU.Build.0 = Debug|iPhoneSimulator
		{ACC0B39A-8270-4D59-9CEE-3493572F2C6A}.Debug|Any CPU.Deploy.0 = Debug|iPhoneSimulator
		{ACC0B39A-8270-4D59-9CEE-3493572F2C6A}.Debug|ARM.ActiveCfg = Debug|iPhone
		{ACC0B39A-8270-4D59-9CEE-3493572F2C6A}.Debug|ARM.Build.0 = Debug|iPhone
		{ACC0B39A-8270-4D59-9CEE-3493572F2C6A}.Debug|ARM.Deploy.0 = Debug|iPhone
		{ACC0B39A-8270-4D59-9CEE-3493572F2C6A}.Debug|iPhone.ActiveCfg = Debug|iPhone
		{ACC0B39A-8270-4D59-9CEE-3493572F2C6A}.Debug|iPhone.Build.0 = Debug|iPhone
		{ACC0B39A-8270-4D59-9CEE-3493572F2C6A}.Debug|iPhone.Deploy.0 = Debug|iPhone
		{ACC0B39A-8270-4D59-9CEE-3493572F2C6A}.Debug|iPhoneSimulator.ActiveCfg = Debug|iPhoneSimulator
		{ACC0B39A-8270-4D59-9CEE-3493572F2C6A}.Debug|iPhoneSimulator.Build.0 = Debug|iPhoneSimulator
		{ACC0B39A-8270-4D59-9CEE-3493572F2C6A}.Debug|iPhoneSimulator.Deploy.0 = Debug|iPhoneSimulator
		{ACC0B39A-8270-4D59-9CEE-3493572F2C6A}.Debug|x64.ActiveCfg = Debug|iPhone
		{ACC0B39A-8270-4D59-9CEE-3493572F2C6A}.Debug|x64.Build.0 = Debug|iPhone
		{ACC0B39A-8270-4D59-9CEE-3493572F2C6A}.Debug|x64.Deploy.0 = Debug|iPhone
		{ACC0B39A-8270-4D59-9CEE-3493572F2C6A}.Debug|x86.ActiveCfg = Debug|iPhone
		{ACC0B39A-8270-4D59-9CEE-3493572F2C6A}.Debug|x86.Build.0 = Debug|iPhone
		{ACC0B39A-8270-4D59-9CEE-3493572F2C6A}.Debug|x86.Deploy.0 = Debug|iPhone
		{ACC0B39A-8270-4D59-9CEE-3493572F2C6A}.Release|Any CPU.ActiveCfg = Release|iPhone
		{ACC0B39A-8270-4D59-9CEE-3493572F2C6A}.Release|Any CPU.Build.0 = Release|iPhone
		{ACC0B39A-8270-4D59-9CEE-3493572F2C6A}.Release|Any CPU.Deploy.0 = Release|iPhone
		{ACC0B39A-8270-4D59-9CEE-3493572F2C6A}.Release|ARM.ActiveCfg = Release|iPhone
		{ACC0B39A-8270-4D59-9CEE-3493572F2C6A}.Release|ARM.Build.0 = Release|iPhone
		{ACC0B39A-8270-4D59-9CEE-3493572F2C6A}.Release|ARM.Deploy.0 = Release|iPhone
		{ACC0B39A-8270-4D59-9CEE-3493572F2C6A}.Release|iPhone.ActiveCfg = Release|iPhone
		{ACC0B39A-8270-4D59-9CEE-3493572F2C6A}.Release|iPhone.Build.0 = Release|iPhone
		{ACC0B39A-8270-4D59-9CEE-3493572F2C6A}.Release|iPhone.Deploy.0 = Release|iPhone
		{ACC0B39A-8270-4D59-9CEE-3493572F2C6A}.Release|iPhoneSimulator.ActiveCfg = Release|iPhoneSimulator
		{ACC0B39A-8270-4D59-9CEE-3493572F2C6A}.Release|iPhoneSimulator.Build.0 = Release|iPhoneSimulator
		{ACC0B39A-8270-4D59-9CEE-3493572F2C6A}.Release|iPhoneSimulator.Deploy.0 = Release|iPhoneSimulator
		{ACC0B39A-8270-4D59-9CEE-3493572F2C6A}.Release|x64.ActiveCfg = Release|iPhone
		{ACC0B39A-8270-4D59-9CEE-3493572F2C6A}.Release|x64.Build.0 = Release|iPhone
		{ACC0B39A-8270-4D59-9CEE-3493572F2C6A}.Release|x64.Deploy.0 = Release|iPhone
		{ACC0B39A-8270-4D59-9CEE-3493572F2C6A}.Release|x86.ActiveCfg = Release|iPhone
		{ACC0B39A-8270-4D59-9CEE-3493572F2C6A}.Release|x86.Build.0 = Release|iPhone
		{ACC0B39A-8270-4D59-9CEE-3493572F2C6A}.Release|x86.Deploy.0 = Release|iPhone
		{3A585C24-DC34-478A-BAE4-D22275D96BBE}.Ad-Hoc|Any CPU.ActiveCfg = Release|x86
		{3A585C24-DC34-478A-BAE4-D22275D96BBE}.Ad-Hoc|Any CPU.Build.0 = Release|x86
		{3A585C24-DC34-478A-BAE4-D22275D96BBE}.Ad-Hoc|Any CPU.Deploy.0 = Release|x86
		{3A585C24-DC34-478A-BAE4-D22275D96BBE}.Ad-Hoc|ARM.ActiveCfg = Release|ARM
		{3A585C24-DC34-478A-BAE4-D22275D96BBE}.Ad-Hoc|ARM.Build.0 = Release|ARM
		{3A585C24-DC34-478A-BAE4-D22275D96BBE}.Ad-Hoc|ARM.Deploy.0 = Release|ARM
		{3A585C24-DC34-478A-BAE4-D22275D96BBE}.Ad-Hoc|iPhone.ActiveCfg = Release|x86
		{3A585C24-DC34-478A-BAE4-D22275D96BBE}.Ad-Hoc|iPhone.Build.0 = Release|x86
		{3A585C24-DC34-478A-BAE4-D22275D96BBE}.Ad-Hoc|iPhone.Deploy.0 = Release|x86
		{3A585C24-DC34-478A-BAE4-D22275D96BBE}.Ad-Hoc|iPhoneSimulator.ActiveCfg = Release|x86
		{3A585C24-DC34-478A-BAE4-D22275D96BBE}.Ad-Hoc|iPhoneSimulator.Build.0 = Release|x86
		{3A585C24-DC34-478A-BAE4-D22275D96BBE}.Ad-Hoc|iPhoneSimulator.Deploy.0 = Release|x86
		{3A585C24-DC34-478A-BAE4-D22275D96BBE}.Ad-Hoc|x64.ActiveCfg = Release|x64
		{3A585C24-DC34-478A-BAE4-D22275D96BBE}.Ad-Hoc|x64.Build.0 = Release|x64
		{3A585C24-DC34-478A-BAE4-D22275D96BBE}.Ad-Hoc|x64.Deploy.0 = Release|x64
		{3A585C24-DC34-478A-BAE4-D22275D96BBE}.Ad-Hoc|x86.ActiveCfg = Release|x86
		{3A585C24-DC34-478A-BAE4-D22275D96BBE}.Ad-Hoc|x86.Build.0 = Release|x86
		{3A585C24-DC34-478A-BAE4-D22275D96BBE}.Ad-Hoc|x86.Deploy.0 = Release|x86
		{3A585C24-DC34-478A-BAE4-D22275D96BBE}.AppStore|Any CPU.ActiveCfg = Release|x86
		{3A585C24-DC34-478A-BAE4-D22275D96BBE}.AppStore|Any CPU.Build.0 = Release|x86
		{3A585C24-DC34-478A-BAE4-D22275D96BBE}.AppStore|Any CPU.Deploy.0 = Release|x86
		{3A585C24-DC34-478A-BAE4-D22275D96BBE}.AppStore|ARM.ActiveCfg = Release|ARM
		{3A585C24-DC34-478A-BAE4-D22275D96BBE}.AppStore|ARM.Build.0 = Release|ARM
		{3A585C24-DC34-478A-BAE4-D22275D96BBE}.AppStore|ARM.Deploy.0 = Release|ARM
		{3A585C24-DC34-478A-BAE4-D22275D96BBE}.AppStore|iPhone.ActiveCfg = Release|x86
		{3A585C24-DC34-478A-BAE4-D22275D96BBE}.AppStore|iPhone.Build.0 = Release|x86
		{3A585C24-DC34-478A-BAE4-D22275D96BBE}.AppStore|iPhone.Deploy.0 = Release|x86
		{3A585C24-DC34-478A-BAE4-D22275D96BBE}.AppStore|iPhoneSimulator.ActiveCfg = Release|x86
		{3A585C24-DC34-478A-BAE4-D22275D96BBE}.AppStore|iPhoneSimulator.Build.0 = Release|x86
		{3A585C24-DC34-478A-BAE4-D22275D96BBE}.AppStore|iPhoneSimulator.Deploy.0 = Release|x86
		{3A585C24-DC34-478A-BAE4-D22275D96BBE}.AppStore|x64.ActiveCfg = Release|x64
		{3A585C24-DC34-478A-BAE4-D22275D96BBE}.AppStore|x64.Build.0 = Release|x64
		{3A585C24-DC34-478A-BAE4-D22275D96BBE}.AppStore|x64.Deploy.0 = Release|x64
		{3A585C24-DC34-478A-BAE4-D22275D96BBE}.AppStore|x86.ActiveCfg = Release|x86
		{3A585C24-DC34-478A-BAE4-D22275D96BBE}.AppStore|x86.Build.0 = Release|x86
		{3A585C24-DC34-478A-BAE4-D22275D96BBE}.AppStore|x86.Deploy.0 = Release|x86
		{3A585C24-DC34-478A-BAE4-D22275D96BBE}.Debug|Any CPU.ActiveCfg = Debug|x86
		{3A585C24-DC34-478A-BAE4-D22275D96BBE}.Debug|Any CPU.Build.0 = Debug|x86
		{3A585C24-DC34-478A-BAE4-D22275D96BBE}.Debug|Any CPU.Deploy.0 = Debug|x86
		{3A585C24-DC34-478A-BAE4-D22275D96BBE}.Debug|ARM.ActiveCfg = Debug|ARM
		{3A585C24-DC34-478A-BAE4-D22275D96BBE}.Debug|ARM.Build.0 = Debug|ARM
		{3A585C24-DC34-478A-BAE4-D22275D96BBE}.Debug|ARM.Deploy.0 = Debug|ARM
		{3A585C24-DC34-478A-BAE4-D22275D96BBE}.Debug|iPhone.ActiveCfg = Debug|x86
		{3A585C24-DC34-478A-BAE4-D22275D96BBE}.Debug|iPhone.Build.0 = Debug|x86
		{3A585C24-DC34-478A-BAE4-D22275D96BBE}.Debug|iPhone.Deploy.0 = Debug|x86
		{3A585C24-DC34-478A-BAE4-D22275D96BBE}.Debug|iPhoneSimulator.ActiveCfg = Debug|x86
		{3A585C24-DC34-478A-BAE4-D22275D96BBE}.Debug|iPhoneSimulator.Build.0 = Debug|x86
		{3A585C24-DC34-478A-BAE4-D22275D96BBE}.Debug|iPhoneSimulator.Deploy.0 = Debug|x86
		{3A585C24-DC34-478A-BAE4-D22275D96BBE}.Debug|x64.ActiveCfg = Debug|x64
		{3A585C24-DC34-478A-BAE4-D22275D96BBE}.Debug|x64.Build.0 = Debug|x64
		{3A585C24-DC34-478A-BAE4-D22275D96BBE}.Debug|x64.Deploy.0 = Debug|x64
		{3A585C24-DC34-478A-BAE4-D22275D96BBE}.Debug|x86.ActiveCfg = Debug|x86
		{3A585C24-DC34-478A-BAE4-D22275D96BBE}.Debug|x86.Build.0 = Debug|x86
		{3A585C24-DC34-478A-BAE4-D22275D96BBE}.Debug|x86.Deploy.0 = Debug|x86
		{3A585C24-DC34-478A-BAE4-D22275D96BBE}.Release|Any CPU.ActiveCfg = Release|x86
		{3A585C24-DC34-478A-BAE4-D22275D96BBE}.Release|Any CPU.Build.0 = Release|x86
		{3A585C24-DC34-478A-BAE4-D22275D96BBE}.Release|Any CPU.Deploy.0 = Release|x86
		{3A585C24-DC34-478A-BAE4-D22275D96BBE}.Release|ARM.ActiveCfg = Release|ARM
		{3A585C24-DC34-478A-BAE4-D22275D96BBE}.Release|ARM.Build.0 = Release|ARM
		{3A585C24-DC34-478A-BAE4-D22275D96BBE}.Release|ARM.Deploy.0 = Release|ARM
		{3A585C24-DC34-478A-BAE4-D22275D96BBE}.Release|iPhone.ActiveCfg = Release|x86
		{3A585C24-DC34-478A-BAE4-D22275D96BBE}.Release|iPhone.Build.0 = Release|x86
		{3A585C24-DC34-478A-BAE4-D22275D96BBE}.Release|iPhone.Deploy.0 = Release|x86
		{3A585C24-DC34-478A-BAE4-D22275D96BBE}.Release|iPhoneSimulator.ActiveCfg = Release|x86
		{3A585C24-DC34-478A-BAE4-D22275D96BBE}.Release|iPhoneSimulator.Build.0 = Release|x86
		{3A585C24-DC34-478A-BAE4-D22275D96BBE}.Release|iPhoneSimulator.Deploy.0 = Release|x86
		{3A585C24-DC34-478A-BAE4-D22275D96BBE}.Release|x64.ActiveCfg = Release|x64
		{3A585C24-DC34-478A-BAE4-D22275D96BBE}.Release|x64.Build.0 = Release|x64
		{3A585C24-DC34-478A-BAE4-D22275D96BBE}.Release|x64.Deploy.0 = Release|x64
		{3A585C24-DC34-478A-BAE4-D22275D96BBE}.Release|x86.ActiveCfg = Release|x86
		{3A585C24-DC34-478A-BAE4-D22275D96BBE}.Release|x86.Build.0 = Release|x86
		{3A585C24-DC34-478A-BAE4-D22275D96BBE}.Release|x86.Deploy.0 = Release|x86
	EndGlobalSection
	GlobalSection(SolutionProperties) = preSolution
		HideSolutionNode = FALSE
	EndGlobalSection
	GlobalSection(ExtensibilityGlobals) = postSolution
		SolutionGuid = {2B448129-8B4C-4D98-992B-3E4D6D352290}
	EndGlobalSection
EndGlobal
